
Microsoft Visual Studio Solution File, Format Version 12.00
# Visual Studio Version 16
VisualStudioVersion = 16.0.30804.86
MinimumVisualStudioVersion = 10.0.40219.1
Project("{FAE04EC0-301F-11D3-BF4B-00C04F79EFBC}") = "GoodBooks.Data", "GoodBooks.Data\GoodBooks.Data.csproj", "{8C36D795-E7E7-4F92-9363-6C93E518847D}"
EndProject
Project("{FAE04EC0-301F-11D3-BF4B-00C04F79EFBC}") = "GoodBooks.Services", "GoodBooks.Services\GoodBooks.Services.csproj", "{304628E7-701D-4EA8-9D0E-644F51586626}"
EndProject
Project("{FAE04EC0-301F-11D3-BF4B-00C04F79EFBC}") = "GoodBooks.Web", "GoodBooks.Web\GoodBooks.Web.csproj", "{626C7638-7D70-4E0C-97C9-AB3628C89F65}"
EndProject
Project("{FAE04EC0-301F-11D3-BF4B-00C04F79EFBC}") = "GoodBooks.Test", "GoodBooks.Test\GoodBooks.Test.csproj", "{1B045EF6-6215-415F-8A20-2696DA844419}"
EndProject
Global
	GlobalSection(SolutionConfigurationPlatforms) = preSolution
		Debug|Any CPU = Debug|Any CPU
		Release|Any CPU = Release|Any CPU
	EndGlobalSection
	GlobalSection(ProjectConfigurationPlatforms) = postSolution
		{8C36D795-E7E7-4F92-9363-6C93E518847D}.Debug|Any CPU.ActiveCfg = Debug|Any CPU
		{8C36D795-E7E7-4F92-9363-6C93E518847D}.Debug|Any CPU.Build.0 = Debug|Any CPU
		{8C36D795-E7E7-4F92-9363-6C93E518847D}.Release|Any CPU.ActiveCfg = Release|Any CPU
		{8C36D795-E7E7-4F92-9363-6C93E518847D}.Release|Any CPU.Build.0 = Release|Any CPU
		{304628E7-701D-4EA8-9D0E-644F51586626}.Debug|Any CPU.ActiveCfg = Debug|Any CPU
		{304628E7-701D-4EA8-9D0E-644F51586626}.Debug|Any CPU.Build.0 = Debug|Any CPU
		{304628E7-701D-4EA8-9D0E-644F51586626}.Release|Any CPU.ActiveCfg = Release|Any CPU
		{304628E7-701D-4EA8-9D0E-644F51586626}.Release|Any CPU.Build.0 = Release|Any CPU
		{626C7638-7D70-4E0C-97C9-AB3628C89F65}.Debug|Any CPU.ActiveCfg = Debug|Any CPU
		{626C7638-7D70-4E0C-97C9-AB3628C89F65}.Debug|Any CPU.Build.0 = Debug|Any CPU
		{626C7638-7D70-4E0C-97C9-AB3628C89F65}.Release|Any CPU.ActiveCfg = Release|Any CPU
		{626C7638-7D70-4E0C-97C9-AB3628C89F65}.Release|Any CPU.Build.0 = Release|Any CPU
		{1B045EF6-6215-415F-8A20-2696DA844419}.Debug|Any CPU.ActiveCfg = Debug|Any CPU
		{1B045EF6-6215-415F-8A20-2696DA844419}.Debug|Any CPU.Build.0 = Debug|Any CPU
		{1B045EF6-6215-415F-8A20-2696DA844419}.Release|Any CPU.ActiveCfg = Release|Any CPU
		{1B045EF6-6215-415F-8A20-2696DA844419}.Release|Any CPU.Build.0 = Release|Any CPU
	EndGlobalSection
	GlobalSection(SolutionProperties) = preSolution
		HideSolutionNode = FALSE
	EndGlobalSection
	GlobalSection(ExtensibilityGlobals) = postSolution
		SolutionGuid = {15BC318A-013B-4E6E-8DAF-C0F553E6567D}
	EndGlobalSection
EndGlobal
